{
  "name": "npm-mono",
  "version": "1.0.0",
  "lockfileVersion": 3,
  "requires": true,
  "packages": {
    "": {
      "name": "npm-mono",
      "version": "1.0.0",
      "workspaces": ["packages/*"],
      "devDependencies": { "typescript": "^5.4.0" }
    },
    "node_modules/a": { "resolved": "packages/a", "link": true },
    "node_modules/b": { "resolved": "packages/b", "link": true },
    "node_modules/react": { "version": "18.2.0" },
    "node_modules/typescript": { "version": "5.4.5" },
    "packages/a": { "name": "a", "version": "1.0.0", "dependencies": { "react": "^18.0.0" } },
    "packages/b": { "name": "b", "version": "1.0.0", "dependencies": { "react": "^17.0.0" } },
    "packages/b/node_modules/react": { "version": "17.0.2" }
  }
}
